
Microsoft Visual Studio Solution File, Format Version 12.00
# Visual Studio Version 17
VisualStudioVersion = 17.10.35027.167
MinimumVisualStudioVersion = 10.0.40219.1
Project("{FAE04EC0-301F-11D3-BF4B-00C04F79EFBC}") = "FormularioContacto", "FormularioContacto.csproj", "{CAA74F56-60C0-403A-83C7-E366FB7DDFBC}"
EndProject
Global
	GlobalSection(SolutionConfigurationPlatforms) = preSolution
		Debug|Any CPU = Debug|Any CPU
		Release|Any CPU = Release|Any CPU
	EndGlobalSection
	GlobalSection(ProjectConfigurationPlatforms) = postSolution
		{CAA74F56-60C0-403A-83C7-E366FB7DDFBC}.Debug|Any CPU.ActiveCfg = Debug|Any CPU
		{CAA74F56-60C0-403A-83C7-E366FB7DDFBC}.Debug|Any CPU.Build.0 = Debug|Any CPU
		{CAA74F56-60C0-403A-83C7-E366FB7DDFBC}.Release|Any CPU.ActiveCfg = Release|Any CPU
		{CAA74F56-60C0-403A-83C7-E366FB7DDFBC}.Release|Any CPU.Build.0 = Release|Any CPU
	EndGlobalSection
	GlobalSection(SolutionProperties) = preSolution
		HideSolutionNode = FALSE
	EndGlobalSection
	GlobalSection(ExtensibilityGlobals) = postSolution
		SolutionGuid = {F39A1FAE-0DBE-4896-AE76-834AE2CA51A9}
	EndGlobalSection
EndGlobal
